// !$*UTF8*$!
{
	archiveVersion = 1;
	classes = {
	};
	objectVersion = 55;
	objects = {

/* Begin PBXBuildFile section */
		1FB540F92AE5A33C006C0F73 /* kiikkuukoApp.swift in Sources */ = {isa = PBXBuildFile; fileRef = 1FB540F82AE5A33C006C0F73 /* kiikkuukoApp.swift */; };
		1FB540FB2AE5A33C006C0F73 /* ContentView.swift in Sources */ = {isa = PBXBuildFile; fileRef = 1FB540FA2AE5A33C006C0F73 /* ContentView.swift */; };
		1FB540FD2AE5A33E006C0F73 /* Assets.xcassets in Resources */ = {isa = PBXBuildFile; fileRef = 1FB540FC2AE5A33E006C0F73 /* Assets.xcassets */; };
		1FB541002AE5A33E006C0F73 /* Preview Assets.xcassets in Resources */ = {isa = PBXBuildFile; fileRef = 1FB540FF2AE5A33E006C0F73 /* Preview Assets.xcassets */; };
		1FB5410A2AE5A33F006C0F73 /* kiikkuukoTests.swift in Sources */ = {isa = PBXBuildFile; fileRef = 1FB541092AE5A33F006C0F73 /* kiikkuukoTests.swift */; };
		1FB541142AE5A33F006C0F73 /* kiikkuukoUITests.swift in Sources */ = {isa = PBXBuildFile; fileRef = 1FB541132AE5A33F006C0F73 /* kiikkuukoUITests.swift */; };
		1FB541162AE5A33F006C0F73 /* kiikkuukoUITestsLaunchTests.swift in Sources */ = {isa = PBXBuildFile; fileRef = 1FB541152AE5A33F006C0F73 /* kiikkuukoUITestsLaunchTests.swift */; };
/* End PBXBuildFile section */

/* Begin PBXContainerItemProxy section */
		1FB541062AE5A33F006C0F73 /* PBXContainerItemProxy */ = {
			isa = PBXContainerItemProxy;
			containerPortal = 1FB540ED2AE5A33C006C0F73 /* Project object */;
			proxyType = 1;
			remoteGlobalIDString = 1FB540F42AE5A33C006C0F73;
			remoteInfo = kiikkuuko;
		};
		1FB541102AE5A33F006C0F73 /* PBXContainerItemProxy */ = {
			isa = PBXContainerItemProxy;
			containerPortal = 1FB540ED2AE5A33C006C0F73 /* Project object */;
			proxyType = 1;
			remoteGlobalIDString = 1FB540F42AE5A33C006C0F73;
			remoteInfo = kiikkuuko;
		};
/* End PBXContainerItemProxy section */

/* Begin PBXFileReference section */
		1FB540F52AE5A33C006C0F73 /* kiikkuuko.app */ = {isa = PBXFileReference; explicitFileType = wrapper.application; includeInIndex = 0; path = kiikkuuko.app; sourceTree = BUILT_PRODUCTS_DIR; };
		1FB540F82AE5A33C006C0F73 /* kiikkuukoApp.swift */ = {isa = PBXFileReference; lastKnownFileType = sourcecode.swift; path = kiikkuukoApp.swift; sourceTree = "<group>"; };
		1FB540FA2AE5A33C006C0F73 /* ContentView.swift */ = {isa = PBXFileReference; lastKnownFileType = sourcecode.swift; path = ContentView.swift; sourceTree = "<group>"; };
		1FB540FC2AE5A33E006C0F73 /* Assets.xcassets */ = {isa = PBXFileReference; lastKnownFileType = folder.assetcatalog; path = Assets.xcassets; sourceTree = "<group>"; };
		1FB540FF2AE5A33E006C0F73 /* Preview Assets.xcassets */ = {isa = PBXFileReference; lastKnownFileType = folder.assetcatalog; path = "Preview Assets.xcassets"; sourceTree = "<group>"; };
		1FB541052AE5A33F006C0F73 /* kiikkuukoTests.xctest */ = {isa = PBXFileReference; explicitFileType = wrapper.cfbundle; includeInIndex = 0; path = kiikkuukoTests.xctest; sourceTree = BUILT_PRODUCTS_DIR; };
		1FB541092AE5A33F006C0F73 /* kiikkuukoTests.swift */ = {isa = PBXFileReference; lastKnownFileType = sourcecode.swift; path = kiikkuukoTests.swift; sourceTree = "<group>"; };
		1FB5410F2AE5A33F006C0F73 /* kiikkuukoUITests.xctest */ = {isa = PBXFileReference; explicitFileType = wrapper.cfbundle; includeInIndex = 0; path = kiikkuukoUITests.xctest; sourceTree = BUILT_PRODUCTS_DIR; };
		1FB541132AE5A33F006C0F73 /* kiikkuukoUITests.swift */ = {isa = PBXFileReference; lastKnownFileType = sourcecode.swift; path = kiikkuukoUITests.swift; sourceTree = "<group>"; };
		1FB541152AE5A33F006C0F73 /* kiikkuukoUITestsLaunchTests.swift */ = {isa = PBXFileReference; lastKnownFileType = sourcecode.swift; path = kiikkuukoUITestsLaunchTests.swift; sourceTree = "<group>"; };
/* End PBXFileReference section */

/* Begin PBXFrameworksBuildPhase section */
		1FB540F22AE5A33C006C0F73 /* Frameworks */ = {
			isa = PBXFrameworksBuildPhase;
			buildActionMask = 2147483647;
			files = (
			);
			runOnlyForDeploymentPostprocessing = 0;
		};
		1FB541022AE5A33F006C0F73 /* Frameworks */ = {
			isa = PBXFrameworksBuildPhase;
			buildActionMask = 2147483647;
			files = (
			);
			runOnlyForDeploymentPostprocessing = 0;
		};
		1FB5410C2AE5A33F006C0F73 /* Frameworks */ = {
			isa = PBXFrameworksBuildPhase;
			buildActionMask = 2147483647;
			files = (
			);
			runOnlyForDeploymentPostprocessing = 0;
		};
/* End PBXFrameworksBuildPhase section */

/* Begin PBXGroup section */
		1FB540EC2AE5A33C006C0F73 = {
			isa = PBXGroup;
			children = (
				1FB540F72AE5A33C006C0F73 /* kiikkuuko */,
				1FB541082AE5A33F006C0F73 /* kiikkuukoTests */,
				1FB541122AE5A33F006C0F73 /* kiikkuukoUITests */,
				1FB540F62AE5A33C006C0F73 /* Products */,
			);
			sourceTree = "<group>";
		};
		1FB540F62AE5A33C006C0F73 /* Products */ = {
			isa = PBXGroup;
			children = (
				1FB540F52AE5A33C006C0F73 /* kiikkuuko.app */,
				1FB541052AE5A33F006C0F73 /* kiikkuukoTests.xctest */,
				1FB5410F2AE5A33F006C0F73 /* kiikkuukoUITests.xctest */,
			);
			name = Products;
			sourceTree = "<group>";
		};
		1FB540F72AE5A33C006C0F73 /* kiikkuuko */ = {
			isa = PBXGroup;
			children = (
				1FB540F82AE5A33C006C0F73 /* kiikkuukoApp.swift */,
				1FB540FA2AE5A33C006C0F73 /* ContentView.swift */,
				1FB540FC2AE5A33E006C0F73 /* Assets.xcassets */,
				1FB540FE2AE5A33E006C0F73 /* Preview Content */,
			);
			path = kiikkuuko;
			sourceTree = "<group>";
		};
		1FB540FE2AE5A33E006C0F73 /* Preview Content */ = {
			isa = PBXGroup;
			children = (
				1FB540FF2AE5A33E006C0F73 /* Preview Assets.xcassets */,
			);
			path = "Preview Content";
			sourceTree = "<group>";
		};
		1FB541082AE5A33F006C0F73 /* kiikkuukoTests */ = {
			isa = PBXGroup;
			children = (
				1FB541092AE5A33F006C0F73 /* kiikkuukoTests.swift */,
			);
			path = kiikkuukoTests;
			sourceTree = "<group>";
		};
		1FB541122AE5A33F006C0F73 /* kiikkuukoUITests */ = {
			isa = PBXGroup;
			children = (
				1FB541132AE5A33F006C0F73 /* kiikkuukoUITests.swift */,
				1FB541152AE5A33F006C0F73 /* kiikkuukoUITestsLaunchTests.swift */,
			);
			path = kiikkuukoUITests;
			sourceTree = "<group>";
		};
/* End PBXGroup section */

/* Begin PBXNativeTarget section */
		1FB540F42AE5A33C006C0F73 /* kiikkuuko */ = {
			isa = PBXNativeTarget;
			buildConfigurationList = 1FB541192AE5A33F006C0F73 /* Build configuration list for PBXNativeTarget "kiikkuuko" */;
			buildPhases = (
				1FB540F12AE5A33C006C0F73 /* Sources */,
				1FB540F22AE5A33C006C0F73 /* Frameworks */,
				1FB540F32AE5A33C006C0F73 /* Resources */,
			);
			buildRules = (
			);
			dependencies = (
			);
			name = kiikkuuko;
			productName = kiikkuuko;
			productReference = 1FB540F52AE5A33C006C0F73 /* kiikkuuko.app */;
			productType = "com.apple.product-type.application";
		};
		1FB541042AE5A33F006C0F73 /* kiikkuukoTests */ = {
			isa = PBXNativeTarget;
			buildConfigurationList = 1FB5411C2AE5A33F006C0F73 /* Build configuration list for PBXNativeTarget "kiikkuukoTests" */;
			buildPhases = (
				1FB541012AE5A33F006C0F73 /* Sources */,
				1FB541022AE5A33F006C0F73 /* Frameworks */,
				1FB541032AE5A33F006C0F73 /* Resources */,
			);
			buildRules = (
			);
			dependencies = (
				1FB541072AE5A33F006C0F73 /* PBXTargetDependency */,
			);
			name = kiikkuukoTests;
			productName = kiikkuukoTests;
			productReference = 1FB541052AE5A33F006C0F73 /* kiikkuukoTests.xctest */;
			productType = "com.apple.product-type.bundle.unit-test";
		};
		1FB5410E2AE5A33F006C0F73 /* kiikkuukoUITests */ = {
			isa = PBXNativeTarget;
			buildConfigurationList = 1FB5411F2AE5A33F006C0F73 /* Build configuration list for PBXNativeTarget "kiikkuukoUITests" */;
			buildPhases = (
				1FB5410B2AE5A33F006C0F73 /* Sources */,
				1FB5410C2AE5A33F006C0F73 /* Frameworks */,
				1FB5410D2AE5A33F006C0F73 /* Resources */,
			);
			buildRules = (
			);
			dependencies = (
				1FB541112AE5A33F006C0F73 /* PBXTargetDependency */,
			);
			name = kiikkuukoUITests;
			productName = kiikkuukoUITests;
			productReference = 1FB5410F2AE5A33F006C0F73 /* kiikkuukoUITests.xctest */;
			productType = "com.apple.product-type.bundle.ui-testing";
		};
/* End PBXNativeTarget section */

/* Begin PBXProject section */
		1FB540ED2AE5A33C006C0F73 /* Project object */ = {
			isa = PBXProject;
			attributes = {
				BuildIndependentTargetsInParallel = 1;
				LastSwiftUpdateCheck = 1340;
				LastUpgradeCheck = 1340;
				TargetAttributes = {
					1FB540F42AE5A33C006C0F73 = {
						CreatedOnToolsVersion = 13.4.1;
					};
					1FB541042AE5A33F006C0F73 = {
						CreatedOnToolsVersion = 13.4.1;
						TestTargetID = 1FB540F42AE5A33C006C0F73;
					};
					1FB5410E2AE5A33F006C0F73 = {
						CreatedOnToolsVersion = 13.4.1;
						TestTargetID = 1FB540F42AE5A33C006C0F73;
					};
				};
			};
			buildConfigurationList = 1FB540F02AE5A33C006C0F73 /* Build configuration list for PBXProject "kiikkuuko" */;
			compatibilityVersion = "Xcode 13.0";
			developmentRegion = en;
			hasScannedForEncodings = 0;
			knownRegions = (
				en,
				Base,
			);
			mainGroup = 1FB540EC2AE5A33C006C0F73;
			productRefGroup = 1FB540F62AE5A33C006C0F73 /* Products */;
			projectDirPath = "";
			projectRoot = "";
			targets = (
				1FB540F42AE5A33C006C0F73 /* kiikkuuko */,
				1FB541042AE5A33F006C0F73 /* kiikkuukoTests */,
				1FB5410E2AE5A33F006C0F73 /* kiikkuukoUITests */,
			);
		};
/* End PBXProject section */

/* Begin PBXResourcesBuildPhase section */
		1FB540F32AE5A33C006C0F73 /* Resources */ = {
			isa = PBXResourcesBuildPhase;
			buildActionMask = 2147483647;
			files = (
				1FB541002AE5A33E006C0F73 /* Preview Assets.xcassets in Resources */,
				1FB540FD2AE5A33E006C0F73 /* Assets.xcassets in Resources */,
			);
			runOnlyForDeploymentPostprocessing = 0;
		};
		1FB541032AE5A33F006C0F73 /* Resources */ = {
			isa = PBXResourcesBuildPhase;
			buildActionMask = 2147483647;
			files = (
			);
			runOnlyForDeploymentPostprocessing = 0;
		};
		1FB5410D2AE5A33F006C0F73 /* Resources */ = {
			isa = PBXResourcesBuildPhase;
			buildActionMask = 2147483647;
			files = (
			);
			runOnlyForDeploymentPostprocessing = 0;
		};
/* End PBXResourcesBuildPhase section */

/* Begin PBXSourcesBuildPhase section */
		1FB540F12AE5A33C006C0F73 /* Sources */ = {
			isa = PBXSourcesBuildPhase;
			buildActionMask = 2147483647;
			files = (
				1FB540FB2AE5A33C006C0F73 /* ContentView.swift in Sources */,
				1FB540F92AE5A33C006C0F73 /* kiikkuukoApp.swift in Sources */,
			);
			runOnlyForDeploymentPostprocessing = 0;
		};
		1FB541012AE5A33F006C0F73 /* Sources */ = {
			isa = PBXSourcesBuildPhase;
			buildActionMask = 2147483647;
			files = (
				1FB5410A2AE5A33F006C0F73 /* kiikkuukoTests.swift in Sources */,
			);
			runOnlyForDeploymentPostprocessing = 0;
		};
		1FB5410B2AE5A33F006C0F73 /* Sources */ = {
			isa = PBXSourcesBuildPhase;
			buildActionMask = 2147483647;
			files = (
				1FB541162AE5A33F006C0F73 /* kiikkuukoUITestsLaunchTests.swift in Sources */,
				1FB541142AE5A33F006C0F73 /* kiikkuukoUITests.swift in Sources */,
			);
			runOnlyForDeploymentPostprocessing = 0;
		};
/* End PBXSourcesBuildPhase section */

/* Begin PBXTargetDependency section */
		1FB541072AE5A33F006C0F73 /* PBXTargetDependency */ = {
			isa = PBXTargetDependency;
			target = 1FB540F42AE5A33C006C0F73 /* kiikkuuko */;
			targetProxy = 1FB541062AE5A33F006C0F73 /* PBXContainerItemProxy */;
		};
		1FB541112AE5A33F006C0F73 /* PBXTargetDependency */ = {
			isa = PBXTargetDependency;
			target = 1FB540F42AE5A33C006C0F73 /* kiikkuuko */;
			targetProxy = 1FB541102AE5A33F006C0F73 /* PBXContainerItemProxy */;
		};
/* End PBXTargetDependency section */

/* Begin XCBuildConfiguration section */
		1FB541172AE5A33F006C0F73 /* Debug */ = {
			isa = XCBuildConfiguration;
			buildSettings = {
				ALWAYS_SEARCH_USER_PATHS = NO;
				CLANG_ANALYZER_NONNULL = YES;
				CLANG_ANALYZER_NUMBER_OBJECT_CONVERSION = YES_AGGRESSIVE;
				CLANG_CXX_LANGUAGE_STANDARD = "gnu++17";
				CLANG_ENABLE_MODULES = YES;
				CLANG_ENABLE_OBJC_ARC = YES;
				CLANG_ENABLE_OBJC_WEAK = YES;
				CLANG_WARN_BLOCK_CAPTURE_AUTORELEASING = YES;
				CLANG_WARN_BOOL_CONVERSION = YES;
				CLANG_WARN_COMMA = YES;
				CLANG_WARN_CONSTANT_CONVERSION = YES;
				CLANG_WARN_DEPRECATED_OBJC_IMPLEMENTATIONS = YES;
				CLANG_WARN_DIRECT_OBJC_ISA_USAGE = YES_ERROR;
				CLANG_WARN_DOCUMENTATION_COMMENTS = YES;
				CLANG_WARN_EMPTY_BODY = YES;
				CLANG_WARN_ENUM_CONVERSION = YES;
				CLANG_WARN_INFINITE_RECURSION = YES;
				CLANG_WARN_INT_CONVERSION = YES;
				CLANG_WARN_NON_LITERAL_NULL_CONVERSION = YES;
				CLANG_WARN_OBJC_IMPLICIT_RETAIN_SELF = YES;
				CLANG_WARN_OBJC_LITERAL_CONVERSION = YES;
				CLANG_WARN_OBJC_ROOT_CLASS = YES_ERROR;
				CLANG_WARN_QUOTED_INCLUDE_IN_FRAMEWORK_HEADER = YES;
				CLANG_WARN_RANGE_LOOP_ANALYSIS = YES;
				CLANG_WARN_STRICT_PROTOTYPES = YES;
				CLANG_WARN_SUSPICIOUS_MOVE = YES;
				CLANG_WARN_UNGUARDED_AVAILABILITY = YES_AGGRESSIVE;
				CLANG_WARN_UNREACHABLE_CODE = YES;
				CLANG_WARN__DUPLICATE_METHOD_MATCH = YES;
				COPY_PHASE_STRIP = NO;
				DEBUG_INFORMATION_FORMAT = dwarf;
				ENABLE_STRICT_OBJC_MSGSEND = YES;
				ENABLE_TESTABILITY = YES;
				GCC_C_LANGUAGE_STANDARD = gnu11;
				GCC_DYNAMIC_NO_PIC = NO;
				GCC_NO_COMMON_BLOCKS = YES;
				GCC_OPTIMIZATION_LEVEL = 0;
				GCC_PREPROCESSOR_DEFINITIONS = (
					"DEBUG=1",
					"$(inherited)",
				);
				GCC_WARN_64_TO_32_BIT_CONVERSION = YES;
				GCC_WARN_ABOUT_RETURN_TYPE = YES_ERROR;
				GCC_WARN_UNDECLARED_SELECTOR = YES;
				GCC_WARN_UNINITIALIZED_AUTOS = YES_AGGRESSIVE;
				GCC_WARN_UNUSED_FUNCTION = YES;
				GCC_WARN_UNUSED_VARIABLE = YES;
				IPHONEOS_DEPLOYMENT_TARGET = 15.5;
				MTL_ENABLE_DEBUG_INFO = INCLUDE_SOURCE;
				MTL_FAST_MATH = YES;
				ONLY_ACTIVE_ARCH = YES;
				SDKROOT = iphoneos;
				SWIFT_ACTIVE_COMPILATION_CONDITIONS = DEBUG;
				SWIFT_OPTIMIZATION_LEVEL = "-Onone";
			};
			name = Debug;
		};
		1FB541182AE5A33F006C0F73 /* Release */ = {
			isa = XCBuildConfiguration;
			buildSettings = {
				ALWAYS_SEARCH_USER_PATHS = NO;
				CLANG_ANALYZER_NONNULL = YES;
				CLANG_ANALYZER_NUMBER_OBJECT_CONVERSION = YES_AGGRESSIVE;
				CLANG_CXX_LANGUAGE_STANDARD = "gnu++17";
				CLANG_ENABLE_MODULES = YES;
				CLANG_ENABLE_OBJC_ARC = YES;
				CLANG_ENABLE_OBJC_WEAK = YES;
				CLANG_WARN_BLOCK_CAPTURE_AUTORELEASING = YES;
				CLANG_WARN_BOOL_CONVERSION = YES;
				CLANG_WARN_COMMA = YES;
				CLANG_WARN_CONSTANT_CONVERSION = YES;
				CLANG_WARN_DEPRECATED_OBJC_IMPLEMENTATIONS = YES;
				CLANG_WARN_DIRECT_OBJC_ISA_USAGE = YES_ERROR;
				CLANG_WARN_DOCUMENTATION_COMMENTS = YES;
				CLANG_WARN_EMPTY_BODY = YES;
				CLANG_WARN_ENUM_CONVERSION = YES;
				CLANG_WARN_INFINITE_RECURSION = YES;
				CLANG_WARN_INT_CONVERSION = YES;
				CLANG_WARN_NON_LITERAL_NULL_CONVERSION = YES;
				CLANG_WARN_OBJC_IMPLICIT_RETAIN_SELF = YES;
				CLANG_WARN_OBJC_LITERAL_CONVERSION = YES;
				CLANG_WARN_OBJC_ROOT_CLASS = YES_ERROR;
				CLANG_WARN_QUOTED_INCLUDE_IN_FRAMEWORK_HEADER = YES;
				CLANG_WARN_RANGE_LOOP_ANALYSIS = YES;
				CLANG_WARN_STRICT_PROTOTYPES = YES;
				CLANG_WARN_SUSPICIOUS_MOVE = YES;
				CLANG_WARN_UNGUARDED_AVAILABILITY = YES_AGGRESSIVE;
				CLANG_WARN_UNREACHABLE_CODE = YES;
				CLANG_WARN__DUPLICATE_METHOD_MATCH = YES;
				COPY_PHASE_STRIP = NO;
				DEBUG_INFORMATION_FORMAT = "dwarf-with-dsym";
				ENABLE_NS_ASSERTIONS = NO;
				ENABLE_STRICT_OBJC_MSGSEND = YES;
				GCC_C_LANGUAGE_STANDARD = gnu11;
				GCC_NO_COMMON_BLOCKS = YES;
				GCC_WARN_64_TO_32_BIT_CONVERSION = YES;
				GCC_WARN_ABOUT_RETURN_TYPE = YES_ERROR;
				GCC_WARN_UNDECLARED_SELECTOR = YES;
				GCC_WARN_UNINITIALIZED_AUTOS = YES_AGGRESSIVE;
				GCC_WARN_UNUSED_FUNCTION = YES;
				GCC_WARN_UNUSED_VARIABLE = YES;
				IPHONEOS_DEPLOYMENT_TARGET = 15.5;
				MTL_ENABLE_DEBUG_INFO = NO;
				MTL_FAST_MATH = YES;
				SDKROOT = iphoneos;
				SWIFT_COMPILATION_MODE = wholemodule;
				SWIFT_OPTIMIZATION_LEVEL = "-O";
				VALIDATE_PRODUCT = YES;
			};
			name = Release;
		};
		1FB5411A2AE5A33F006C0F73 /* Debug */ = {
			isa = XCBuildConfiguration;
			buildSettings = {
				ASSETCATALOG_COMPILER_APPICON_NAME = AppIcon;
				ASSETCATALOG_COMPILER_GLOBAL_ACCENT_COLOR_NAME = AccentColor;
				CODE_SIGN_STYLE = Automatic;
				CURRENT_PROJECT_VERSION = 1;
				DEVELOPMENT_ASSET_PATHS = "\"kiikkuuko/Preview Content\"";
				DEVELOPMENT_TEAM = 7247YLWM6R;
				ENABLE_PREVIEWS = YES;
				GENERATE_INFOPLIST_FILE = YES;
				INFOPLIST_KEY_UIApplicationSceneManifest_Generation = YES;
				INFOPLIST_KEY_UIApplicationSupportsIndirectInputEvents = YES;
				INFOPLIST_KEY_UILaunchScreen_Generation = YES;
				INFOPLIST_KEY_UISupportedInterfaceOrientations_iPad = "UIInterfaceOrientationPortrait UIInterfaceOrientationPortraitUpsideDown UIInterfaceOrientationLandscapeLeft UIInterfaceOrientationLandscapeRight";
				INFOPLIST_KEY_UISupportedInterfaceOrientations_iPhone = "UIInterfaceOrientationPortrait UIInterfaceOrientationLandscapeLeft UIInterfaceOrientationLandscapeRight";
				LD_RUNPATH_SEARCH_PATHS = (
					"$(inherited)",
					"@executable_path/Frameworks",
				);
				MARKETING_VERSION = 1.0;
				PRODUCT_BUNDLE_IDENTIFIER = kuunaama.kiikkuuko;
				PRODUCT_NAME = "$(TARGET_NAME)";
				SWIFT_EMIT_LOC_STRINGS = YES;
				SWIFT_VERSION = 5.0;
				TARGETED_DEVICE_FAMILY = "1,2";
			};
			name = Debug;
		};
		1FB5411B2AE5A33F006C0F73 /* Release */ = {
			isa = XCBuildConfiguration;
			buildSettings = {
				ASSETCATALOG_COMPILER_APPICON_NAME = AppIcon;
				ASSETCATALOG_COMPILER_GLOBAL_ACCENT_COLOR_NAME = AccentColor;
				CODE_SIGN_STYLE = Automatic;
				CURRENT_PROJECT_VERSION = 1;
				DEVELOPMENT_ASSET_PATHS = "\"kiikkuuko/Preview Content\"";
				DEVELOPMENT_TEAM = 7247YLWM6R;
				ENABLE_PREVIEWS = YES;
				GENERATE_INFOPLIST_FILE = YES;
				INFOPLIST_KEY_UIApplicationSceneManifest_Generation = YES;
				INFOPLIST_KEY_UIApplicationSupportsIndirectInputEvents = YES;
				INFOPLIST_KEY_UILaunchScreen_Generation = YES;
				INFOPLIST_KEY_UISupportedInterfaceOrientations_iPad = "UIInterfaceOrientationPortrait UIInterfaceOrientationPortraitUpsideDown UIInterfaceOrientationLandscapeLeft UIInterfaceOrientationLandscapeRight";
				INFOPLIST_KEY_UISupportedInterfaceOrientations_iPhone = "UIInterfaceOrientationPortrait UIInterfaceOrientationLandscapeLeft UIInterfaceOrientationLandscapeRight";
				LD_RUNPATH_SEARCH_PATHS = (
					"$(inherited)",
					"@executable_path/Frameworks",
				);
				MARKETING_VERSION = 1.0;
				PRODUCT_BUNDLE_IDENTIFIER = kuunaama.kiikkuuko;
				PRODUCT_NAME = "$(TARGET_NAME)";
				SWIFT_EMIT_LOC_STRINGS = YES;
				SWIFT_VERSION = 5.0;
				TARGETED_DEVICE_FAMILY = "1,2";
			};
			name = Release;
		};
		1FB5411D2AE5A33F006C0F73 /* Debug */ = {
			isa = XCBuildConfiguration;
			buildSettings = {
				ALWAYS_EMBED_SWIFT_STANDARD_LIBRARIES = YES;
				BUNDLE_LOADER = "$(TEST_HOST)";
				CODE_SIGN_STYLE = Automatic;
				CURRENT_PROJECT_VERSION = 1;
				DEVELOPMENT_TEAM = 7247YLWM6R;
				GENERATE_INFOPLIST_FILE = YES;
				IPHONEOS_DEPLOYMENT_TARGET = 15.5;
				MARKETING_VERSION = 1.0;
				PRODUCT_BUNDLE_IDENTIFIER = kuunaama.kiikkuukoTests;
				PRODUCT_NAME = "$(TARGET_NAME)";
				SWIFT_EMIT_LOC_STRINGS = NO;
				SWIFT_VERSION = 5.0;
				TARGETED_DEVICE_FAMILY = "1,2";
				TEST_HOST = "$(BUILT_PRODUCTS_DIR)/kiikkuuko.app/kiikkuuko";
			};
			name = Debug;
		};
		1FB5411E2AE5A33F006C0F73 /* Release */ = {
			isa = XCBuildConfiguration;
			buildSettings = {
				ALWAYS_EMBED_SWIFT_STANDARD_LIBRARIES = YES;
				BUNDLE_LOADER = "$(TEST_HOST)";
				CODE_SIGN_STYLE = Automatic;
				CURRENT_PROJECT_VERSION = 1;
				DEVELOPMENT_TEAM = 7247YLWM6R;
				GENERATE_INFOPLIST_FILE = YES;
				IPHONEOS_DEPLOYMENT_TARGET = 15.5;
				MARKETING_VERSION = 1.0;
				PRODUCT_BUNDLE_IDENTIFIER = kuunaama.kiikkuukoTests;
				PRODUCT_NAME = "$(TARGET_NAME)";
				SWIFT_EMIT_LOC_STRINGS = NO;
				SWIFT_VERSION = 5.0;
				TARGETED_DEVICE_FAMILY = "1,2";
				TEST_HOST = "$(BUILT_PRODUCTS_DIR)/kiikkuuko.app/kiikkuuko";
			};
			name = Release;
		};
		1FB541202AE5A33F006C0F73 /* Debug */ = {
			isa = XCBuildConfiguration;
			buildSettings = {
				ALWAYS_EMBED_SWIFT_STANDARD_LIBRARIES = YES;
				CODE_SIGN_STYLE = Automatic;
				CURRENT_PROJECT_VERSION = 1;
				DEVELOPMENT_TEAM = 7247YLWM6R;
				GENERATE_INFOPLIST_FILE = YES;
				MARKETING_VERSION = 1.0;
				PRODUCT_BUNDLE_IDENTIFIER = kuunaama.kiikkuukoUITests;
				PRODUCT_NAME = "$(TARGET_NAME)";
				SWIFT_EMIT_LOC_STRINGS = NO;
				SWIFT_VERSION = 5.0;
				TARGETED_DEVICE_FAMILY = "1,2";
				TEST_TARGET_NAME = kiikkuuko;
			};
			name = Debug;
		};
		1FB541212AE5A33F006C0F73 /* Release */ = {
			isa = XCBuildConfiguration;
			buildSettings = {
				ALWAYS_EMBED_SWIFT_STANDARD_LIBRARIES = YES;
				CODE_SIGN_STYLE = Automatic;
				CURRENT_PROJECT_VERSION = 1;
				DEVELOPMENT_TEAM = 7247YLWM6R;
				GENERATE_INFOPLIST_FILE = YES;
				MARKETING_VERSION = 1.0;
				PRODUCT_BUNDLE_IDENTIFIER = kuunaama.kiikkuukoUITests;
				PRODUCT_NAME = "$(TARGET_NAME)";
				SWIFT_EMIT_LOC_STRINGS = NO;
				SWIFT_VERSION = 5.0;
				TARGETED_DEVICE_FAMILY = "1,2";
				TEST_TARGET_NAME = kiikkuuko;
			};
			name = Release;
		};
/* End XCBuildConfiguration section */

/* Begin XCConfigurationList section */
		1FB540F02AE5A33C006C0F73 /* Build configuration list for PBXProject "kiikkuuko" */ = {
			isa = XCConfigurationList;
			buildConfigurations = (
				1FB541172AE5A33F006C0F73 /* Debug */,
				1FB541182AE5A33F006C0F73 /* Release */,
			);
			defaultConfigurationIsVisible = 0;
			defaultConfigurationName = Release;
		};
		1FB541192AE5A33F006C0F73 /* Build configuration list for PBXNativeTarget "kiikkuuko" */ = {
			isa = XCConfigurationList;
			buildConfigurations = (
				1FB5411A2AE5A33F006C0F73 /* Debug */,
				1FB5411B2AE5A33F006C0F73 /* Release */,
			);
			defaultConfigurationIsVisible = 0;
			defaultConfigurationName = Release;
		};
		1FB5411C2AE5A33F006C0F73 /* Build configuration list for PBXNativeTarget "kiikkuukoTests" */ = {
			isa = XCConfigurationList;
			buildConfigurations = (
				1FB5411D2AE5A33F006C0F73 /* Debug */,
				1FB5411E2AE5A33F006C0F73 /* Release */,
			);
			defaultConfigurationIsVisible = 0;
			defaultConfigurationName = Release;
		};
		1FB5411F2AE5A33F006C0F73 /* Build configuration list for PBXNativeTarget "kiikkuukoUITests" */ = {
			isa = XCConfigurationList;
			buildConfigurations = (
				1FB541202AE5A33F006C0F73 /* Debug */,
				1FB541212AE5A33F006C0F73 /* Release */,
			);
			defaultConfigurationIsVisible = 0;
			defaultConfigurationName = Release;
		};
/* End XCConfigurationList section */
	};
	rootObject = 1FB540ED2AE5A33C006C0F73 /* Project object */;
}
